
Microsoft Visual Studio Solution File, Format Version 12.00
# Visual Studio Version 16
VisualStudioVersion = 16.0.29123.88
MinimumVisualStudioVersion = 10.0.40219.1
Project("{9A19103F-16F7-4668-BE54-9A1E7A4F7556}") = "DestructibleTiles", "DestructibleTiles\DestructibleTiles.csproj", "{322745C4-28E3-4005-94B5-0D04DD5DE3BD}"
EndProject
Global
	GlobalSection(SolutionConfigurationPlatforms) = preSolution
		Debug|Any CPU = Debug|Any CPU
		Release|Any CPU = Release|Any CPU
	EndGlobalSection
	GlobalSection(ProjectConfigurationPlatforms) = postSolution
		{322745C4-28E3-4005-94B5-0D04DD5DE3BD}.Debug|Any CPU.ActiveCfg = Debug|Any CPU
		{322745C4-28E3-4005-94B5-0D04DD5DE3BD}.Debug|Any CPU.Build.0 = Debug|Any CPU
		{322745C4-28E3-4005-94B5-0D04DD5DE3BD}.Release|Any CPU.ActiveCfg = Release|Any CPU
		{322745C4-28E3-4005-94B5-0D04DD5DE3BD}.Release|Any CPU.Build.0 = Release|Any CPU
	EndGlobalSection
	GlobalSection(SolutionProperties) = preSolution
		HideSolutionNode = FALSE
	EndGlobalSection
	GlobalSection(ExtensibilityGlobals) = postSolution
		SolutionGuid = {A124F4F6-E834-4FC0-BA31-4646AC164CF7}
	EndGlobalSection
EndGlobal
